
Microsoft Visual Studio Solution File, Format Version 12.00
# Visual Studio Version 16
VisualStudioVersion = 16.0.30517.126
MinimumVisualStudioVersion = 10.0.40219.1
Project("{8BC9CEB8-8B4A-11D0-8D11-00A0C91BC942}") = "stack容器和queue容器", "stack容器和queue容器.vcxproj", "{CB95626D-D69E-4F7A-950D-DB55E79A9127}"
EndProject
Global
	GlobalSection(SolutionConfigurationPlatforms) = preSolution
		Debug|x64 = Debug|x64
		Debug|x86 = Debug|x86
		Release|x64 = Release|x64
		Release|x86 = Release|x86
	EndGlobalSection
	GlobalSection(ProjectConfigurationPlatforms) = postSolution
		{CB95626D-D69E-4F7A-950D-DB55E79A9127}.Debug|x64.ActiveCfg = Debug|x64
		{CB95626D-D69E-4F7A-950D-DB55E79A9127}.Debug|x64.Build.0 = Debug|x64
		{CB95626D-D69E-4F7A-950D-DB55E79A9127}.Debug|x86.ActiveCfg = Debug|Win32
		{CB95626D-D69E-4F7A-950D-DB55E79A9127}.Debug|x86.Build.0 = Debug|Win32
		{CB95626D-D69E-4F7A-950D-DB55E79A9127}.Release|x64.ActiveCfg = Release|x64
		{CB95626D-D69E-4F7A-950D-DB55E79A9127}.Release|x64.Build.0 = Release|x64
		{CB95626D-D69E-4F7A-950D-DB55E79A9127}.Release|x86.ActiveCfg = Release|Win32
		{CB95626D-D69E-4F7A-950D-DB55E79A9127}.Release|x86.Build.0 = Release|Win32
	EndGlobalSection
	GlobalSection(SolutionProperties) = preSolution
		HideSolutionNode = FALSE
	EndGlobalSection
	GlobalSection(ExtensibilityGlobals) = postSolution
		SolutionGuid = {2A41FB19-D3D6-49F4-842E-09252FDA6154}
	EndGlobalSection
EndGlobal
