
Microsoft Visual Studio Solution File, Format Version 12.00
# Visual Studio 15
VisualStudioVersion = 15.0.28307.1267
MinimumVisualStudioVersion = 10.0.40219.1
Project("{8BC9CEB8-8B4A-11D0-8D11-00A0C91BC942}") = "通讯录管理系统", "通讯录管理系统\通讯录管理系统.vcxproj", "{7A9EB620-4CD7-4110-B79B-C984E6ACE80F}"
EndProject
Global
	GlobalSection(SolutionConfigurationPlatforms) = preSolution
		Debug|x64 = Debug|x64
		Debug|x86 = Debug|x86
		Release|x64 = Release|x64
		Release|x86 = Release|x86
	EndGlobalSection
	GlobalSection(ProjectConfigurationPlatforms) = postSolution
		{7A9EB620-4CD7-4110-B79B-C984E6ACE80F}.Debug|x64.ActiveCfg = Debug|x64
		{7A9EB620-4CD7-4110-B79B-C984E6ACE80F}.Debug|x64.Build.0 = Debug|x64
		{7A9EB620-4CD7-4110-B79B-C984E6ACE80F}.Debug|x86.ActiveCfg = Debug|Win32
		{7A9EB620-4CD7-4110-B79B-C984E6ACE80F}.Debug|x86.Build.0 = Debug|Win32
		{7A9EB620-4CD7-4110-B79B-C984E6ACE80F}.Release|x64.ActiveCfg = Release|x64
		{7A9EB620-4CD7-4110-B79B-C984E6ACE80F}.Release|x64.Build.0 = Release|x64
		{7A9EB620-4CD7-4110-B79B-C984E6ACE80F}.Release|x86.ActiveCfg = Release|Win32
		{7A9EB620-4CD7-4110-B79B-C984E6ACE80F}.Release|x86.Build.0 = Release|Win32
	EndGlobalSection
	GlobalSection(SolutionProperties) = preSolution
		HideSolutionNode = FALSE
	EndGlobalSection
	GlobalSection(ExtensibilityGlobals) = postSolution
		SolutionGuid = {DC3B2052-41E3-4CF8-AD83-87FF339A8B2E}
	EndGlobalSection
EndGlobal
