
Microsoft Visual Studio Solution File, Format Version 12.00
# Visual Studio Version 16
VisualStudioVersion = 16.0.30517.126
MinimumVisualStudioVersion = 10.0.40219.1
Project("{8BC9CEB8-8B4A-11D0-8D11-00A0C91BC942}") = "常用拷贝和替换算法", "常用拷贝和替换算法.vcxproj", "{A06CDA37-9B92-4D18-AA19-029B9C7B6521}"
EndProject
Global
	GlobalSection(SolutionConfigurationPlatforms) = preSolution
		Debug|x64 = Debug|x64
		Debug|x86 = Debug|x86
		Release|x64 = Release|x64
		Release|x86 = Release|x86
	EndGlobalSection
	GlobalSection(ProjectConfigurationPlatforms) = postSolution
		{A06CDA37-9B92-4D18-AA19-029B9C7B6521}.Debug|x64.ActiveCfg = Debug|x64
		{A06CDA37-9B92-4D18-AA19-029B9C7B6521}.Debug|x64.Build.0 = Debug|x64
		{A06CDA37-9B92-4D18-AA19-029B9C7B6521}.Debug|x86.ActiveCfg = Debug|Win32
		{A06CDA37-9B92-4D18-AA19-029B9C7B6521}.Debug|x86.Build.0 = Debug|Win32
		{A06CDA37-9B92-4D18-AA19-029B9C7B6521}.Release|x64.ActiveCfg = Release|x64
		{A06CDA37-9B92-4D18-AA19-029B9C7B6521}.Release|x64.Build.0 = Release|x64
		{A06CDA37-9B92-4D18-AA19-029B9C7B6521}.Release|x86.ActiveCfg = Release|Win32
		{A06CDA37-9B92-4D18-AA19-029B9C7B6521}.Release|x86.Build.0 = Release|Win32
	EndGlobalSection
	GlobalSection(SolutionProperties) = preSolution
		HideSolutionNode = FALSE
	EndGlobalSection
	GlobalSection(ExtensibilityGlobals) = postSolution
		SolutionGuid = {AA6A519C-CA5C-4BF4-AA4C-3ED008A260DF}
	EndGlobalSection
EndGlobal
